
Microsoft Visual Studio Solution File, Format Version 12.00
# Visual Studio Version 16
VisualStudioVersion = 16.0.28315.86
MinimumVisualStudioVersion = 10.0.40219.1
Project("{2150E333-8FDC-42A3-9474-1A3956D46DE8}") = "Engine", "Engine", "{6FC9CE71-6038-49D6-A9AC-15AFDB5ED3D4}"
EndProject
Project("{2150E333-8FDC-42A3-9474-1A3956D46DE8}") = "Games", "Games", "{85854345-34E5-4E4F-BDC8-8D461169936F}"
EndProject
Project("{8BC9CEB8-8B4A-11D0-8D11-00A0C91BC942}") = "UE4", "Intermediate\ProjectFiles\UE4.vcxproj", "{05BA0304-01F4-4D95-BD7D-EF8B7E589B9D}"
EndProject
Project("{8BC9CEB8-8B4A-11D0-8D11-00A0C91BC942}") = "Bomber", "Intermediate\ProjectFiles\Bomber.vcxproj", "{2AC9F81D-82BD-48F3-9671-DF3ABF593C37}"
EndProject
Project("{2150E333-8FDC-42A3-9474-1A3956D46DE8}") = "Visualizers", "Visualizers", "{01EFCED3-6A3B-459C-9A01-039932E16FCD}"
	ProjectSection(SolutionItems) = preProject
		C:\Program Files\Epic Games\UE_4.22\Engine\Extras\VisualStudioDebugging\UE4.natvis = C:\Program Files\Epic Games\UE_4.22\Engine\Extras\VisualStudioDebugging\UE4.natvis
	EndProjectSection
EndProject
Global
	GlobalSection(SolutionConfigurationPlatforms) = preSolution
		DebugGame Editor|Win32 = DebugGame Editor|Win32
		DebugGame Editor|Win64 = DebugGame Editor|Win64
		DebugGame|Win32 = DebugGame|Win32
		DebugGame|Win64 = DebugGame|Win64
		Development Editor|Win32 = Development Editor|Win32
		Development Editor|Win64 = Development Editor|Win64
		Development|Win32 = Development|Win32
		Development|Win64 = Development|Win64
		Shipping|Win32 = Shipping|Win32
		Shipping|Win64 = Shipping|Win64
	EndGlobalSection
	GlobalSection(ProjectConfigurationPlatforms) = postSolution
		{05BA0304-01F4-4D95-BD7D-EF8B7E589B9D}.DebugGame Editor|Win32.ActiveCfg = BuiltWithUnrealBuildTool|Win32
		{05BA0304-01F4-4D95-BD7D-EF8B7E589B9D}.DebugGame Editor|Win64.ActiveCfg = BuiltWithUnrealBuildTool|Win32
		{05BA0304-01F4-4D95-BD7D-EF8B7E589B9D}.DebugGame|Win32.ActiveCfg = BuiltWithUnrealBuildTool|Win32
		{05BA0304-01F4-4D95-BD7D-EF8B7E589B9D}.DebugGame|Win64.ActiveCfg = BuiltWithUnrealBuildTool|Win32
		{05BA0304-01F4-4D95-BD7D-EF8B7E589B9D}.Development Editor|Win32.ActiveCfg = BuiltWithUnrealBuildTool|Win32
		{05BA0304-01F4-4D95-BD7D-EF8B7E589B9D}.Development Editor|Win64.ActiveCfg = BuiltWithUnrealBuildTool|Win32
		{05BA0304-01F4-4D95-BD7D-EF8B7E589B9D}.Development|Win32.ActiveCfg = BuiltWithUnrealBuildTool|Win32
		{05BA0304-01F4-4D95-BD7D-EF8B7E589B9D}.Development|Win64.ActiveCfg = BuiltWithUnrealBuildTool|Win32
		{05BA0304-01F4-4D95-BD7D-EF8B7E589B9D}.Shipping|Win32.ActiveCfg = BuiltWithUnrealBuildTool|Win32
		{05BA0304-01F4-4D95-BD7D-EF8B7E589B9D}.Shipping|Win64.ActiveCfg = BuiltWithUnrealBuildTool|Win32
		{2AC9F81D-82BD-48F3-9671-DF3ABF593C37}.DebugGame Editor|Win32.ActiveCfg = Invalid|Win32
		{2AC9F81D-82BD-48F3-9671-DF3ABF593C37}.DebugGame Editor|Win64.ActiveCfg = DebugGame_Editor|x64
		{2AC9F81D-82BD-48F3-9671-DF3ABF593C37}.DebugGame Editor|Win64.Build.0 = DebugGame_Editor|x64
		{2AC9F81D-82BD-48F3-9671-DF3ABF593C37}.DebugGame|Win32.ActiveCfg = DebugGame|Win32
		{2AC9F81D-82BD-48F3-9671-DF3ABF593C37}.DebugGame|Win32.Build.0 = DebugGame|Win32
		{2AC9F81D-82BD-48F3-9671-DF3ABF593C37}.DebugGame|Win64.ActiveCfg = DebugGame|x64
		{2AC9F81D-82BD-48F3-9671-DF3ABF593C37}.DebugGame|Win64.Build.0 = DebugGame|x64
		{2AC9F81D-82BD-48F3-9671-DF3ABF593C37}.Development Editor|Win32.ActiveCfg = Invalid|Win32
		{2AC9F81D-82BD-48F3-9671-DF3ABF593C37}.Development Editor|Win64.ActiveCfg = Development_Editor|x64
		{2AC9F81D-82BD-48F3-9671-DF3ABF593C37}.Development Editor|Win64.Build.0 = Development_Editor|x64
		{2AC9F81D-82BD-48F3-9671-DF3ABF593C37}.Development|Win32.ActiveCfg = Development|Win32
		{2AC9F81D-82BD-48F3-9671-DF3ABF593C37}.Development|Win32.Build.0 = Development|Win32
		{2AC9F81D-82BD-48F3-9671-DF3ABF593C37}.Development|Win64.ActiveCfg = Development|x64
		{2AC9F81D-82BD-48F3-9671-DF3ABF593C37}.Development|Win64.Build.0 = Development|x64
		{2AC9F81D-82BD-48F3-9671-DF3ABF593C37}.Shipping|Win32.ActiveCfg = Shipping|Win32
		{2AC9F81D-82BD-48F3-9671-DF3ABF593C37}.Shipping|Win32.Build.0 = Shipping|Win32
		{2AC9F81D-82BD-48F3-9671-DF3ABF593C37}.Shipping|Win64.ActiveCfg = Shipping|x64
		{2AC9F81D-82BD-48F3-9671-DF3ABF593C37}.Shipping|Win64.Build.0 = Shipping|x64
	EndGlobalSection
	GlobalSection(SolutionProperties) = preSolution
		HideSolutionNode = FALSE
	EndGlobalSection
	GlobalSection(NestedProjects) = preSolution
		{05BA0304-01F4-4D95-BD7D-EF8B7E589B9D} = {6FC9CE71-6038-49D6-A9AC-15AFDB5ED3D4}
		{2AC9F81D-82BD-48F3-9671-DF3ABF593C37} = {85854345-34E5-4E4F-BDC8-8D461169936F}
	EndGlobalSection
EndGlobal
