
Microsoft Visual Studio Solution File, Format Version 12.00
# Visual Studio Version 16
VisualStudioVersion = 16.0.28315.86
MinimumVisualStudioVersion = 10.0.40219.1
Project("{2150E333-8FDC-42A3-9474-1A3956D46DE8}") = "Engine", "Engine", "{37554036-7412-47BD-BE5C-E45E2B1D486B}"
EndProject
Project("{2150E333-8FDC-42A3-9474-1A3956D46DE8}") = "Games", "Games", "{2490CA13-F907-419F-85AF-ACE8DD2B3F96}"
EndProject
Project("{8BC9CEB8-8B4A-11D0-8D11-00A0C91BC942}") = "UE4", "Intermediate\ProjectFiles\UE4.vcxproj", "{88A87EE9-0FB1-4EC1-B782-281B1BFF0F0E}"
EndProject
Project("{8BC9CEB8-8B4A-11D0-8D11-00A0C91BC942}") = "Bomber", "Intermediate\ProjectFiles\Bomber.vcxproj", "{5266967B-D756-4EE1-9CFC-9E09893AA91A}"
EndProject
Project("{2150E333-8FDC-42A3-9474-1A3956D46DE8}") = "Visualizers", "Visualizers", "{491260E9-F0E0-4CC5-A614-F6EEF321F485}"
	ProjectSection(SolutionItems) = preProject
		C:\Program Files\Epic Games\UE_4.22\Engine\Extras\VisualStudioDebugging\UE4.natvis = C:\Program Files\Epic Games\UE_4.22\Engine\Extras\VisualStudioDebugging\UE4.natvis
	EndProjectSection
EndProject
Global
	GlobalSection(SolutionConfigurationPlatforms) = preSolution
		DebugGame Editor|Win32 = DebugGame Editor|Win32
		DebugGame Editor|Win64 = DebugGame Editor|Win64
		DebugGame|Win32 = DebugGame|Win32
		DebugGame|Win64 = DebugGame|Win64
		Development Editor|Win32 = Development Editor|Win32
		Development Editor|Win64 = Development Editor|Win64
		Development|Win32 = Development|Win32
		Development|Win64 = Development|Win64
		Shipping|Win32 = Shipping|Win32
		Shipping|Win64 = Shipping|Win64
	EndGlobalSection
	GlobalSection(ProjectConfigurationPlatforms) = postSolution
		{88A87EE9-0FB1-4EC1-B782-281B1BFF0F0E}.DebugGame Editor|Win32.ActiveCfg = BuiltWithUnrealBuildTool|Win32
		{88A87EE9-0FB1-4EC1-B782-281B1BFF0F0E}.DebugGame Editor|Win64.ActiveCfg = BuiltWithUnrealBuildTool|Win32
		{88A87EE9-0FB1-4EC1-B782-281B1BFF0F0E}.DebugGame|Win32.ActiveCfg = BuiltWithUnrealBuildTool|Win32
		{88A87EE9-0FB1-4EC1-B782-281B1BFF0F0E}.DebugGame|Win64.ActiveCfg = BuiltWithUnrealBuildTool|Win32
		{88A87EE9-0FB1-4EC1-B782-281B1BFF0F0E}.Development Editor|Win32.ActiveCfg = BuiltWithUnrealBuildTool|Win32
		{88A87EE9-0FB1-4EC1-B782-281B1BFF0F0E}.Development Editor|Win64.ActiveCfg = BuiltWithUnrealBuildTool|Win32
		{88A87EE9-0FB1-4EC1-B782-281B1BFF0F0E}.Development|Win32.ActiveCfg = BuiltWithUnrealBuildTool|Win32
		{88A87EE9-0FB1-4EC1-B782-281B1BFF0F0E}.Development|Win64.ActiveCfg = BuiltWithUnrealBuildTool|Win32
		{88A87EE9-0FB1-4EC1-B782-281B1BFF0F0E}.Shipping|Win32.ActiveCfg = BuiltWithUnrealBuildTool|Win32
		{88A87EE9-0FB1-4EC1-B782-281B1BFF0F0E}.Shipping|Win64.ActiveCfg = BuiltWithUnrealBuildTool|Win32
		{5266967B-D756-4EE1-9CFC-9E09893AA91A}.DebugGame Editor|Win32.ActiveCfg = Invalid|Win32
		{5266967B-D756-4EE1-9CFC-9E09893AA91A}.DebugGame Editor|Win64.ActiveCfg = DebugGame_Editor|x64
		{5266967B-D756-4EE1-9CFC-9E09893AA91A}.DebugGame Editor|Win64.Build.0 = DebugGame_Editor|x64
		{5266967B-D756-4EE1-9CFC-9E09893AA91A}.DebugGame|Win32.ActiveCfg = DebugGame|Win32
		{5266967B-D756-4EE1-9CFC-9E09893AA91A}.DebugGame|Win32.Build.0 = DebugGame|Win32
		{5266967B-D756-4EE1-9CFC-9E09893AA91A}.DebugGame|Win64.ActiveCfg = DebugGame|x64
		{5266967B-D756-4EE1-9CFC-9E09893AA91A}.DebugGame|Win64.Build.0 = DebugGame|x64
		{5266967B-D756-4EE1-9CFC-9E09893AA91A}.Development Editor|Win32.ActiveCfg = Invalid|Win32
		{5266967B-D756-4EE1-9CFC-9E09893AA91A}.Development Editor|Win64.ActiveCfg = Development_Editor|x64
		{5266967B-D756-4EE1-9CFC-9E09893AA91A}.Development Editor|Win64.Build.0 = Development_Editor|x64
		{5266967B-D756-4EE1-9CFC-9E09893AA91A}.Development|Win32.ActiveCfg = Development|Win32
		{5266967B-D756-4EE1-9CFC-9E09893AA91A}.Development|Win32.Build.0 = Development|Win32
		{5266967B-D756-4EE1-9CFC-9E09893AA91A}.Development|Win64.ActiveCfg = Development|x64
		{5266967B-D756-4EE1-9CFC-9E09893AA91A}.Development|Win64.Build.0 = Development|x64
		{5266967B-D756-4EE1-9CFC-9E09893AA91A}.Shipping|Win32.ActiveCfg = Shipping|Win32
		{5266967B-D756-4EE1-9CFC-9E09893AA91A}.Shipping|Win32.Build.0 = Shipping|Win32
		{5266967B-D756-4EE1-9CFC-9E09893AA91A}.Shipping|Win64.ActiveCfg = Shipping|x64
		{5266967B-D756-4EE1-9CFC-9E09893AA91A}.Shipping|Win64.Build.0 = Shipping|x64
	EndGlobalSection
	GlobalSection(SolutionProperties) = preSolution
		HideSolutionNode = FALSE
	EndGlobalSection
	GlobalSection(NestedProjects) = preSolution
		{88A87EE9-0FB1-4EC1-B782-281B1BFF0F0E} = {37554036-7412-47BD-BE5C-E45E2B1D486B}
		{5266967B-D756-4EE1-9CFC-9E09893AA91A} = {2490CA13-F907-419F-85AF-ACE8DD2B3F96}
	EndGlobalSection
EndGlobal
